
Microsoft Visual Studio Solution File, Format Version 12.00
# Visual Studio Version 17
VisualStudioVersion = 17.3.32825.248
MinimumVisualStudioVersion = 10.0.40219.1
Project("{2150E333-8FDC-42A3-9474-1A3956D46DE8}") = "Seraching Technique", "Seraching Technique", "{582C51D7-ADFF-45B1-8454-964FB9DA1BFC}"
EndProject
Project("{FAE04EC0-301F-11D3-BF4B-00C04F79EFBC}") = "SearchTechnique", "Src\Searching Technique\BinarySearch\SearchTechnique.csproj", "{2BDD3093-2695-4AB5-B121-E382FAA25CCB}"
EndProject
Project("{2150E333-8FDC-42A3-9474-1A3956D46DE8}") = "Sorting technique", "Sorting technique", "{AF194FEF-B128-4B81-838A-9B9F1426E42C}"
EndProject
Project("{2150E333-8FDC-42A3-9474-1A3956D46DE8}") = "Data Structure", "Data Structure", "{DC6DBBF2-D070-4D5A-9956-8B04DF68798B}"
EndProject
Project("{9A19103F-16F7-4668-BE54-9A1E7A4F7556}") = "Sorting Technique", "Src\Sorting Technique\Sorting Technique.csproj", "{0C08BE8C-A617-4445-8B0D-2B7C68D55BE5}"
EndProject
Project("{2150E333-8FDC-42A3-9474-1A3956D46DE8}") = "Stack", "Stack", "{DD8912B5-7CB8-41C3-A76A-51CEC551B687}"
EndProject
Project("{FAE04EC0-301F-11D3-BF4B-00C04F79EFBC}") = "Algorithm.Stack", "Src\DataStructure\Stack\Algorithm.Stack\Algorithm.Stack.csproj", "{3AF11267-76AB-4741-B49E-EFC88D21A9BA}"
EndProject
Project("{2150E333-8FDC-42A3-9474-1A3956D46DE8}") = "Queue", "Queue", "{2AF22B71-7E9C-468B-B07F-05CD3DC44725}"
EndProject
Project("{FAE04EC0-301F-11D3-BF4B-00C04F79EFBC}") = "Algorithm.Queue", "Src\DataStructure\Queue\Algorithm.Queue\Algorithm.Queue.csproj", "{DFEEBF73-66F3-4395-9AE8-D346BB2E13F4}"
EndProject
Project("{2150E333-8FDC-42A3-9474-1A3956D46DE8}") = "Linkedlist", "Linkedlist", "{8C998603-07B5-49D7-B66F-01A8594329A7}"
EndProject
Project("{FAE04EC0-301F-11D3-BF4B-00C04F79EFBC}") = "Algorithm.Linkedlist", "Src\DataStructure\Linkedlist\Algorithm.Linkedlist\Algorithm.Linkedlist.csproj", "{C58913B3-A279-425B-9202-0BAFACD61E99}"
EndProject
Project("{2150E333-8FDC-42A3-9474-1A3956D46DE8}") = "Problems", "Problems", "{77ECA991-8524-4856-A0D5-0EF72129D2AD}"
EndProject
Project("{2150E333-8FDC-42A3-9474-1A3956D46DE8}") = "CyclicRotation", "CyclicRotation", "{2F1BA341-7D84-4932-8F04-040176347C65}"
EndProject
Project("{FAE04EC0-301F-11D3-BF4B-00C04F79EFBC}") = "CyclicRotation", "Src\Problems\CyclicRotation\CyclicRotation\CyclicRotation.csproj", "{56161A06-F79D-488A-BB2E-B77C38C384F9}"
EndProject
Project("{2150E333-8FDC-42A3-9474-1A3956D46DE8}") = "FindMaxThree", "FindMaxThree", "{65C6FEF7-2273-47D6-8441-300C9996DF8A}"
EndProject
Project("{FAE04EC0-301F-11D3-BF4B-00C04F79EFBC}") = "FindMaxThree", "Src\Problems\FindMaxThree\FindMaxThree\FindMaxThree.csproj", "{CCC72E3B-63AD-4CED-80C0-BE8DDBEAEA78}"
EndProject
Global
	GlobalSection(SolutionConfigurationPlatforms) = preSolution
		Debug|Any CPU = Debug|Any CPU
		Release|Any CPU = Release|Any CPU
	EndGlobalSection
	GlobalSection(ProjectConfigurationPlatforms) = postSolution
		{2BDD3093-2695-4AB5-B121-E382FAA25CCB}.Debug|Any CPU.ActiveCfg = Debug|Any CPU
		{2BDD3093-2695-4AB5-B121-E382FAA25CCB}.Debug|Any CPU.Build.0 = Debug|Any CPU
		{2BDD3093-2695-4AB5-B121-E382FAA25CCB}.Release|Any CPU.ActiveCfg = Release|Any CPU
		{2BDD3093-2695-4AB5-B121-E382FAA25CCB}.Release|Any CPU.Build.0 = Release|Any CPU
		{0C08BE8C-A617-4445-8B0D-2B7C68D55BE5}.Debug|Any CPU.ActiveCfg = Debug|Any CPU
		{0C08BE8C-A617-4445-8B0D-2B7C68D55BE5}.Debug|Any CPU.Build.0 = Debug|Any CPU
		{0C08BE8C-A617-4445-8B0D-2B7C68D55BE5}.Release|Any CPU.ActiveCfg = Release|Any CPU
		{0C08BE8C-A617-4445-8B0D-2B7C68D55BE5}.Release|Any CPU.Build.0 = Release|Any CPU
		{3AF11267-76AB-4741-B49E-EFC88D21A9BA}.Debug|Any CPU.ActiveCfg = Debug|Any CPU
		{3AF11267-76AB-4741-B49E-EFC88D21A9BA}.Debug|Any CPU.Build.0 = Debug|Any CPU
		{3AF11267-76AB-4741-B49E-EFC88D21A9BA}.Release|Any CPU.ActiveCfg = Release|Any CPU
		{3AF11267-76AB-4741-B49E-EFC88D21A9BA}.Release|Any CPU.Build.0 = Release|Any CPU
		{DFEEBF73-66F3-4395-9AE8-D346BB2E13F4}.Debug|Any CPU.ActiveCfg = Debug|Any CPU
		{DFEEBF73-66F3-4395-9AE8-D346BB2E13F4}.Debug|Any CPU.Build.0 = Debug|Any CPU
		{DFEEBF73-66F3-4395-9AE8-D346BB2E13F4}.Release|Any CPU.ActiveCfg = Release|Any CPU
		{DFEEBF73-66F3-4395-9AE8-D346BB2E13F4}.Release|Any CPU.Build.0 = Release|Any CPU
		{C58913B3-A279-425B-9202-0BAFACD61E99}.Debug|Any CPU.ActiveCfg = Debug|Any CPU
		{C58913B3-A279-425B-9202-0BAFACD61E99}.Debug|Any CPU.Build.0 = Debug|Any CPU
		{C58913B3-A279-425B-9202-0BAFACD61E99}.Release|Any CPU.ActiveCfg = Release|Any CPU
		{C58913B3-A279-425B-9202-0BAFACD61E99}.Release|Any CPU.Build.0 = Release|Any CPU
		{56161A06-F79D-488A-BB2E-B77C38C384F9}.Debug|Any CPU.ActiveCfg = Debug|Any CPU
		{56161A06-F79D-488A-BB2E-B77C38C384F9}.Debug|Any CPU.Build.0 = Debug|Any CPU
		{56161A06-F79D-488A-BB2E-B77C38C384F9}.Release|Any CPU.ActiveCfg = Release|Any CPU
		{56161A06-F79D-488A-BB2E-B77C38C384F9}.Release|Any CPU.Build.0 = Release|Any CPU
		{CCC72E3B-63AD-4CED-80C0-BE8DDBEAEA78}.Debug|Any CPU.ActiveCfg = Debug|Any CPU
		{CCC72E3B-63AD-4CED-80C0-BE8DDBEAEA78}.Debug|Any CPU.Build.0 = Debug|Any CPU
		{CCC72E3B-63AD-4CED-80C0-BE8DDBEAEA78}.Release|Any CPU.ActiveCfg = Release|Any CPU
		{CCC72E3B-63AD-4CED-80C0-BE8DDBEAEA78}.Release|Any CPU.Build.0 = Release|Any CPU
	EndGlobalSection
	GlobalSection(SolutionProperties) = preSolution
		HideSolutionNode = FALSE
	EndGlobalSection
	GlobalSection(NestedProjects) = preSolution
		{2BDD3093-2695-4AB5-B121-E382FAA25CCB} = {582C51D7-ADFF-45B1-8454-964FB9DA1BFC}
		{0C08BE8C-A617-4445-8B0D-2B7C68D55BE5} = {AF194FEF-B128-4B81-838A-9B9F1426E42C}
		{DD8912B5-7CB8-41C3-A76A-51CEC551B687} = {DC6DBBF2-D070-4D5A-9956-8B04DF68798B}
		{3AF11267-76AB-4741-B49E-EFC88D21A9BA} = {DD8912B5-7CB8-41C3-A76A-51CEC551B687}
		{2AF22B71-7E9C-468B-B07F-05CD3DC44725} = {DC6DBBF2-D070-4D5A-9956-8B04DF68798B}
		{DFEEBF73-66F3-4395-9AE8-D346BB2E13F4} = {2AF22B71-7E9C-468B-B07F-05CD3DC44725}
		{8C998603-07B5-49D7-B66F-01A8594329A7} = {DC6DBBF2-D070-4D5A-9956-8B04DF68798B}
		{C58913B3-A279-425B-9202-0BAFACD61E99} = {8C998603-07B5-49D7-B66F-01A8594329A7}
		{2F1BA341-7D84-4932-8F04-040176347C65} = {77ECA991-8524-4856-A0D5-0EF72129D2AD}
		{56161A06-F79D-488A-BB2E-B77C38C384F9} = {2F1BA341-7D84-4932-8F04-040176347C65}
		{65C6FEF7-2273-47D6-8441-300C9996DF8A} = {77ECA991-8524-4856-A0D5-0EF72129D2AD}
		{CCC72E3B-63AD-4CED-80C0-BE8DDBEAEA78} = {65C6FEF7-2273-47D6-8441-300C9996DF8A}
	EndGlobalSection
	GlobalSection(ExtensibilityGlobals) = postSolution
		SolutionGuid = {8E7D7A4C-7478-4C6E-BFDC-DA09B4D30471}
	EndGlobalSection
EndGlobal
